// !$*UTF8*$!
{
	archiveVersion = 1;
	classes = {
	};
	objectVersion = 50;
	objects = {

/* Begin PBXBuildFile section */
		E17CA48524C90AF200DD3BF0 /* AppDelegate.swift in Sources */ = {isa = PBXBuildFile; fileRef = E17CA48424C90AF200DD3BF0 /* AppDelegate.swift */; };
		E17CA48724C90AF200DD3BF0 /* SceneDelegate.swift in Sources */ = {isa = PBXBuildFile; fileRef = E17CA48624C90AF200DD3BF0 /* SceneDelegate.swift */; };
		E17CA48924C90AF200DD3BF0 /* ContentView.swift in Sources */ = {isa = PBXBuildFile; fileRef = E17CA48824C90AF200DD3BF0 /* ContentView.swift */; };
		E17CA48B24C90AF500DD3BF0 /* Assets.xcassets in Resources */ = {isa = PBXBuildFile; fileRef = E17CA48A24C90AF500DD3BF0 /* Assets.xcassets */; };
		E17CA48E24C90AF500DD3BF0 /* Preview Assets.xcassets in Resources */ = {isa = PBXBuildFile; fileRef = E17CA48D24C90AF500DD3BF0 /* Preview Assets.xcassets */; };
		E17CA49124C90AF500DD3BF0 /* LaunchScreen.storyboard in Resources */ = {isa = PBXBuildFile; fileRef = E17CA48F24C90AF500DD3BF0 /* LaunchScreen.storyboard */; };
/* End PBXBuildFile section */

/* Begin PBXFileReference section */
		E17CA48124C90AF200DD3BF0 /* Better Sleep.app */ = {isa = PBXFileReference; explicitFileType = wrapper.application; includeInIndex = 0; path = "Better Sleep.app"; sourceTree = BUILT_PRODUCTS_DIR; };
		E17CA48424C90AF200DD3BF0 /* AppDelegate.swift */ = {isa = PBXFileReference; lastKnownFileType = sourcecode.swift; path = AppDelegate.swift; sourceTree = "<group>"; };
		E17CA48624C90AF200DD3BF0 /* SceneDelegate.swift */ = {isa = PBXFileReference; lastKnownFileType = sourcecode.swift; path = SceneDelegate.swift; sourceTree = "<group>"; };
		E17CA48824C90AF200DD3BF0 /* ContentView.swift */ = {isa = PBXFileReference; lastKnownFileType = sourcecode.swift; path = ContentView.swift; sourceTree = "<group>"; };
		E17CA48A24C90AF500DD3BF0 /* Assets.xcassets */ = {isa = PBXFileReference; lastKnownFileType = folder.assetcatalog; path = Assets.xcassets; sourceTree = "<group>"; };
		E17CA48D24C90AF500DD3BF0 /* Preview Assets.xcassets */ = {isa = PBXFileReference; lastKnownFileType = folder.assetcatalog; path = "Preview Assets.xcassets"; sourceTree = "<group>"; };
		E17CA49024C90AF500DD3BF0 /* Base */ = {isa = PBXFileReference; lastKnownFileType = file.storyboard; name = Base; path = Base.lproj/LaunchScreen.storyboard; sourceTree = "<group>"; };
		E17CA49224C90AF500DD3BF0 /* Info.plist */ = {isa = PBXFileReference; lastKnownFileType = text.plist.xml; path = Info.plist; sourceTree = "<group>"; };
/* End PBXFileReference section */

/* Begin PBXFrameworksBuildPhase section */
		E17CA47E24C90AF200DD3BF0 /* Frameworks */ = {
			isa = PBXFrameworksBuildPhase;
			buildActionMask = 2147483647;
			files = (
			);
			runOnlyForDeploymentPostprocessing = 0;
		};
/* End PBXFrameworksBuildPhase section */

/* Begin PBXGroup section */
		E17CA47824C90AF200DD3BF0 = {
			isa = PBXGroup;
			children = (
				E17CA48324C90AF200DD3BF0 /* Better Sleep */,
				E17CA48224C90AF200DD3BF0 /* Products */,
			);
			sourceTree = "<group>";
		};
		E17CA48224C90AF200DD3BF0 /* Products */ = {
			isa = PBXGroup;
			children = (
				E17CA48124C90AF200DD3BF0 /* Better Sleep.app */,
			);
			name = Products;
			sourceTree = "<group>";
		};
		E17CA48324C90AF200DD3BF0 /* Better Sleep */ = {
			isa = PBXGroup;
			children = (
				E17CA48424C90AF200DD3BF0 /* AppDelegate.swift */,
				E17CA48624C90AF200DD3BF0 /* SceneDelegate.swift */,
				E17CA48824C90AF200DD3BF0 /* ContentView.swift */,
				E17CA48A24C90AF500DD3BF0 /* Assets.xcassets */,
				E17CA48F24C90AF500DD3BF0 /* LaunchScreen.storyboard */,
				E17CA49224C90AF500DD3BF0 /* Info.plist */,
				E17CA48C24C90AF500DD3BF0 /* Preview Content */,
			);
			path = "Better Sleep";
			sourceTree = "<group>";
		};
		E17CA48C24C90AF500DD3BF0 /* Preview Content */ = {
			isa = PBXGroup;
			children = (
				E17CA48D24C90AF500DD3BF0 /* Preview Assets.xcassets */,
			);
			path = "Preview Content";
			sourceTree = "<group>";
		};
/* End PBXGroup section */

/* Begin PBXNativeTarget section */
		E17CA48024C90AF200DD3BF0 /* Better Sleep */ = {
			isa = PBXNativeTarget;
			buildConfigurationList = E17CA49524C90AF500DD3BF0 /* Build configuration list for PBXNativeTarget "Better Sleep" */;
			buildPhases = (
				E17CA47D24C90AF200DD3BF0 /* Sources */,
				E17CA47E24C90AF200DD3BF0 /* Frameworks */,
				E17CA47F24C90AF200DD3BF0 /* Resources */,
			);
			buildRules = (
			);
			dependencies = (
			);
			name = "Better Sleep";
			productName = "Better Sleep";
			productReference = E17CA48124C90AF200DD3BF0 /* Better Sleep.app */;
			productType = "com.apple.product-type.application";
		};
/* End PBXNativeTarget section */

/* Begin PBXProject section */
		E17CA47924C90AF200DD3BF0 /* Project object */ = {
			isa = PBXProject;
			attributes = {
				LastSwiftUpdateCheck = 1160;
				LastUpgradeCheck = 1160;
				ORGANIZATIONNAME = "Hacker's Studio";
				TargetAttributes = {
					E17CA48024C90AF200DD3BF0 = {
						CreatedOnToolsVersion = 11.6;
					};
				};
			};
			buildConfigurationList = E17CA47C24C90AF200DD3BF0 /* Build configuration list for PBXProject "Better Sleep" */;
			compatibilityVersion = "Xcode 9.3";
			developmentRegion = en;
			hasScannedForEncodings = 0;
			knownRegions = (
				en,
				Base,
			);
			mainGroup = E17CA47824C90AF200DD3BF0;
			productRefGroup = E17CA48224C90AF200DD3BF0 /* Products */;
			projectDirPath = "";
			projectRoot = "";
			targets = (
				E17CA48024C90AF200DD3BF0 /* Better Sleep */,
			);
		};
/* End PBXProject section */

/* Begin PBXResourcesBuildPhase section */
		E17CA47F24C90AF200DD3BF0 /* Resources */ = {
			isa = PBXResourcesBuildPhase;
			buildActionMask = 2147483647;
			files = (
				E17CA49124C90AF500DD3BF0 /* LaunchScreen.storyboard in Resources */,
				E17CA48E24C90AF500DD3BF0 /* Preview Assets.xcassets in Resources */,
				E17CA48B24C90AF500DD3BF0 /* Assets.xcassets in Resources */,
			);
			runOnlyForDeploymentPostprocessing = 0;
		};
/* End PBXResourcesBuildPhase section */

/* Begin PBXSourcesBuildPhase section */
		E17CA47D24C90AF200DD3BF0 /* Sources */ = {
			isa = PBXSourcesBuildPhase;
			buildActionMask = 2147483647;
			files = (
				E17CA48524C90AF200DD3BF0 /* AppDelegate.swift in Sources */,
				E17CA48724C90AF200DD3BF0 /* SceneDelegate.swift in Sources */,
				E17CA48924C90AF200DD3BF0 /* ContentView.swift in Sources */,
			);
			runOnlyForDeploymentPostprocessing = 0;
		};
/* End PBXSourcesBuildPhase section */

/* Begin PBXVariantGroup section */
		E17CA48F24C90AF500DD3BF0 /* LaunchScreen.storyboard */ = {
			isa = PBXVariantGroup;
			children = (
				E17CA49024C90AF500DD3BF0 /* Base */,
			);
			name = LaunchScreen.storyboard;
			sourceTree = "<group>";
		};
/* End PBXVariantGroup section */

/* Begin XCBuildConfiguration section */
		E17CA49324C90AF500DD3BF0 /* Debug */ = {
			isa = XCBuildConfiguration;
			buildSettings = {
				ALWAYS_SEARCH_USER_PATHS = NO;
				CLANG_ANALYZER_NONNULL = YES;
				CLANG_ANALYZER_NUMBER_OBJECT_CONVERSION = YES_AGGRESSIVE;
				CLANG_CXX_LANGUAGE_STANDARD = "gnu++14";
				CLANG_CXX_LIBRARY = "libc++";
				CLANG_ENABLE_MODULES = YES;
				CLANG_ENABLE_OBJC_ARC = YES;
				CLANG_ENABLE_OBJC_WEAK = YES;
				CLANG_WARN_BLOCK_CAPTURE_AUTORELEASING = YES;
				CLANG_WARN_BOOL_CONVERSION = YES;
				CLANG_WARN_COMMA = YES;
				CLANG_WARN_CONSTANT_CONVERSION = YES;
				CLANG_WARN_DEPRECATED_OBJC_IMPLEMENTATIONS = YES;
				CLANG_WARN_DIRECT_OBJC_ISA_USAGE = YES_ERROR;
				CLANG_WARN_DOCUMENTATION_COMMENTS = YES;
				CLANG_WARN_EMPTY_BODY = YES;
				CLANG_WARN_ENUM_CONVERSION = YES;
				CLANG_WARN_INFINITE_RECURSION = YES;
				CLANG_WARN_INT_CONVERSION = YES;
				CLANG_WARN_NON_LITERAL_NULL_CONVERSION = YES;
				CLANG_WARN_OBJC_IMPLICIT_RETAIN_SELF = YES;
				CLANG_WARN_OBJC_LITERAL_CONVERSION = YES;
				CLANG_WARN_OBJC_ROOT_CLASS = YES_ERROR;
				CLANG_WARN_RANGE_LOOP_ANALYSIS = YES;
				CLANG_WARN_STRICT_PROTOTYPES = YES;
				CLANG_WARN_SUSPICIOUS_MOVE = YES;
				CLANG_WARN_UNGUARDED_AVAILABILITY = YES_AGGRESSIVE;
				CLANG_WARN_UNREACHABLE_CODE = YES;
				CLANG_WARN__DUPLICATE_METHOD_MATCH = YES;
				COPY_PHASE_STRIP = NO;
				DEBUG_INFORMATION_FORMAT = dwarf;
				ENABLE_STRICT_OBJC_MSGSEND = YES;
				ENABLE_TESTABILITY = YES;
				GCC_C_LANGUAGE_STANDARD = gnu11;
				GCC_DYNAMIC_NO_PIC = NO;
				GCC_NO_COMMON_BLOCKS = YES;
				GCC_OPTIMIZATION_LEVEL = 0;
				GCC_PREPROCESSOR_DEFINITIONS = (
					"DEBUG=1",
					"$(inherited)",
				);
				GCC_WARN_64_TO_32_BIT_CONVERSION = YES;
				GCC_WARN_ABOUT_RETURN_TYPE = YES_ERROR;
				GCC_WARN_UNDECLARED_SELECTOR = YES;
				GCC_WARN_UNINITIALIZED_AUTOS = YES_AGGRESSIVE;
				GCC_WARN_UNUSED_FUNCTION = YES;
				GCC_WARN_UNUSED_VARIABLE = YES;
				IPHONEOS_DEPLOYMENT_TARGET = 13.6;
				MTL_ENABLE_DEBUG_INFO = INCLUDE_SOURCE;
				MTL_FAST_MATH = YES;
				ONLY_ACTIVE_ARCH = YES;
				SDKROOT = iphoneos;
				SWIFT_ACTIVE_COMPILATION_CONDITIONS = DEBUG;
				SWIFT_OPTIMIZATION_LEVEL = "-Onone";
			};
			name = Debug;
		};
		E17CA49424C90AF500DD3BF0 /* Release */ = {
			isa = XCBuildConfiguration;
			buildSettings = {
				ALWAYS_SEARCH_USER_PATHS = NO;
				CLANG_ANALYZER_NONNULL = YES;
				CLANG_ANALYZER_NUMBER_OBJECT_CONVERSION = YES_AGGRESSIVE;
				CLANG_CXX_LANGUAGE_STANDARD = "gnu++14";
				CLANG_CXX_LIBRARY = "libc++";
				CLANG_ENABLE_MODULES = YES;
				CLANG_ENABLE_OBJC_ARC = YES;
				CLANG_ENABLE_OBJC_WEAK = YES;
				CLANG_WARN_BLOCK_CAPTURE_AUTORELEASING = YES;
				CLANG_WARN_BOOL_CONVERSION = YES;
				CLANG_WARN_COMMA = YES;
				CLANG_WARN_CONSTANT_CONVERSION = YES;
				CLANG_WARN_DEPRECATED_OBJC_IMPLEMENTATIONS = YES;
				CLANG_WARN_DIRECT_OBJC_ISA_USAGE = YES_ERROR;
				CLANG_WARN_DOCUMENTATION_COMMENTS = YES;
				CLANG_WARN_EMPTY_BODY = YES;
				CLANG_WARN_ENUM_CONVERSION = YES;
				CLANG_WARN_INFINITE_RECURSION = YES;
				CLANG_WARN_INT_CONVERSION = YES;
				CLANG_WARN_NON_LITERAL_NULL_CONVERSION = YES;
				CLANG_WARN_OBJC_IMPLICIT_RETAIN_SELF = YES;
				CLANG_WARN_OBJC_LITERAL_CONVERSION = YES;
				CLANG_WARN_OBJC_ROOT_CLASS = YES_ERROR;
				CLANG_WARN_RANGE_LOOP_ANALYSIS = YES;
				CLANG_WARN_STRICT_PROTOTYPES = YES;
				CLANG_WARN_SUSPICIOUS_MOVE = YES;
				CLANG_WARN_UNGUARDED_AVAILABILITY = YES_AGGRESSIVE;
				CLANG_WARN_UNREACHABLE_CODE = YES;
				CLANG_WARN__DUPLICATE_METHOD_MATCH = YES;
				COPY_PHASE_STRIP = NO;
				DEBUG_INFORMATION_FORMAT = "dwarf-with-dsym";
				ENABLE_NS_ASSERTIONS = NO;
				ENABLE_STRICT_OBJC_MSGSEND = YES;
				GCC_C_LANGUAGE_STANDARD = gnu11;
				GCC_NO_COMMON_BLOCKS = YES;
				GCC_WARN_64_TO_32_BIT_CONVERSION = YES;
				GCC_WARN_ABOUT_RETURN_TYPE = YES_ERROR;
				GCC_WARN_UNDECLARED_SELECTOR = YES;
				GCC_WARN_UNINITIALIZED_AUTOS = YES_AGGRESSIVE;
				GCC_WARN_UNUSED_FUNCTION = YES;
				GCC_WARN_UNUSED_VARIABLE = YES;
				IPHONEOS_DEPLOYMENT_TARGET = 13.6;
				MTL_ENABLE_DEBUG_INFO = NO;
				MTL_FAST_MATH = YES;
				SDKROOT = iphoneos;
				SWIFT_COMPILATION_MODE = wholemodule;
				SWIFT_OPTIMIZATION_LEVEL = "-O";
				VALIDATE_PRODUCT = YES;
			};
			name = Release;
		};
		E17CA49624C90AF500DD3BF0 /* Debug */ = {
			isa = XCBuildConfiguration;
			buildSettings = {
				ASSETCATALOG_COMPILER_APPICON_NAME = AppIcon;
				CODE_SIGN_STYLE = Automatic;
				DEVELOPMENT_ASSET_PATHS = "\"Better Sleep/Preview Content\"";
				ENABLE_PREVIEWS = YES;
				INFOPLIST_FILE = "Better Sleep/Info.plist";
				LD_RUNPATH_SEARCH_PATHS = (
					"$(inherited)",
					"@executable_path/Frameworks",
				);
				PRODUCT_BUNDLE_IDENTIFIER = "app.bettersleep.app.Better-Sleep";
				PRODUCT_NAME = "$(TARGET_NAME)";
				SWIFT_VERSION = 5.0;
				TARGETED_DEVICE_FAMILY = "1,2";
			};
			name = Debug;
		};
		E17CA49724C90AF500DD3BF0 /* Release */ = {
			isa = XCBuildConfiguration;
			buildSettings = {
				ASSETCATALOG_COMPILER_APPICON_NAME = AppIcon;
				CODE_SIGN_STYLE = Automatic;
				DEVELOPMENT_ASSET_PATHS = "\"Better Sleep/Preview Content\"";
				ENABLE_PREVIEWS = YES;
				INFOPLIST_FILE = "Better Sleep/Info.plist";
				LD_RUNPATH_SEARCH_PATHS = (
					"$(inherited)",
					"@executable_path/Frameworks",
				);
				PRODUCT_BUNDLE_IDENTIFIER = "app.bettersleep.app.Better-Sleep";
				PRODUCT_NAME = "$(TARGET_NAME)";
				SWIFT_VERSION = 5.0;
				TARGETED_DEVICE_FAMILY = "1,2";
			};
			name = Release;
		};
/* End XCBuildConfiguration section */

/* Begin XCConfigurationList section */
		E17CA47C24C90AF200DD3BF0 /* Build configuration list for PBXProject "Better Sleep" */ = {
			isa = XCConfigurationList;
			buildConfigurations = (
				E17CA49324C90AF500DD3BF0 /* Debug */,
				E17CA49424C90AF500DD3BF0 /* Release */,
			);
			defaultConfigurationIsVisible = 0;
			defaultConfigurationName = Release;
		};
		E17CA49524C90AF500DD3BF0 /* Build configuration list for PBXNativeTarget "Better Sleep" */ = {
			isa = XCConfigurationList;
			buildConfigurations = (
				E17CA49624C90AF500DD3BF0 /* Debug */,
				E17CA49724C90AF500DD3BF0 /* Release */,
			);
			defaultConfigurationIsVisible = 0;
			defaultConfigurationName = Release;
		};
/* End XCConfigurationList section */
	};
	rootObject = E17CA47924C90AF200DD3BF0 /* Project object */;
}
